
Microsoft Visual Studio Solution File, Format Version 12.00
# Visual Studio Version 16
VisualStudioVersion = 16.0.29025.244
MinimumVisualStudioVersion = 10.0.40219.1
Project("{FAE04EC0-301F-11D3-BF4B-00C04F79EFBC}") = "AnloTools", "AnloTools.csproj", "{14F6FCA5-623D-412C-86C5-966BD0486BD9}"
EndProject
Global
	GlobalSection(SolutionConfigurationPlatforms) = preSolution
		Debug|Any CPU = Debug|Any CPU
		Release|Any CPU = Release|Any CPU
	EndGlobalSection
	GlobalSection(ProjectConfigurationPlatforms) = postSolution
		{14F6FCA5-623D-412C-86C5-966BD0486BD9}.Debug|Any CPU.ActiveCfg = Debug|Any CPU
		{14F6FCA5-623D-412C-86C5-966BD0486BD9}.Debug|Any CPU.Build.0 = Debug|Any CPU
		{14F6FCA5-623D-412C-86C5-966BD0486BD9}.Release|Any CPU.ActiveCfg = Release|Any CPU
		{14F6FCA5-623D-412C-86C5-966BD0486BD9}.Release|Any CPU.Build.0 = Release|Any CPU
	EndGlobalSection
	GlobalSection(SolutionProperties) = preSolution
		HideSolutionNode = FALSE
	EndGlobalSection
	GlobalSection(ExtensibilityGlobals) = postSolution
		SolutionGuid = {8F7DFD17-CB7B-4154-B9CB-6FA56E0ED9FD}
	EndGlobalSection
EndGlobal
